
Microsoft Visual Studio Solution File, Format Version 12.00
# Visual Studio 15
VisualStudioVersion = 15.0.26124.0
MinimumVisualStudioVersion = 15.0.26124.0
Project("{FAE04EC0-301F-11D3-BF4B-00C04F79EFBC}") = "Lexx.Bdd.Specflow.Domain", "Lexx.Bdd.Specflow.Domain\Lexx.Bdd.Specflow.Domain.csproj", "{6A64A1E6-E207-4A00-8968-1C8B6F8237A6}"
EndProject
Project("{FAE04EC0-301F-11D3-BF4B-00C04F79EFBC}") = "Lexx.Bdd.Specflow.Shared", "Lexx.Bdd.Specflow.Shared\Lexx.Bdd.Specflow.Shared.csproj", "{E0309A54-4700-4D6C-B59B-87132BC253DE}"
EndProject
Project("{FAE04EC0-301F-11D3-BF4B-00C04F79EFBC}") = "Lexx.Bdd.Specflow.Repository", "Lexx.Bdd.Specflow.Repository\Lexx.Bdd.Specflow.Repository.csproj", "{C5EBD0FC-E843-4C3C-83B8-50E785C8C677}"
EndProject
Project("{2150E333-8FDC-42A3-9474-1A3956D46DE8}") = "Domain", "Domain", "{673CFA6D-34E5-4B7B-B1E6-2571A200A955}"
EndProject
Project("{2150E333-8FDC-42A3-9474-1A3956D46DE8}") = "Infra", "Infra", "{41C17472-52B9-4447-A8D1-CE81756106C8}"
EndProject
Global
	GlobalSection(SolutionConfigurationPlatforms) = preSolution
		Debug|Any CPU = Debug|Any CPU
		Release|Any CPU = Release|Any CPU
	EndGlobalSection
	GlobalSection(ProjectConfigurationPlatforms) = postSolution
		{6A64A1E6-E207-4A00-8968-1C8B6F8237A6}.Debug|Any CPU.ActiveCfg = Debug|Any CPU
		{6A64A1E6-E207-4A00-8968-1C8B6F8237A6}.Debug|Any CPU.Build.0 = Debug|Any CPU
		{6A64A1E6-E207-4A00-8968-1C8B6F8237A6}.Release|Any CPU.ActiveCfg = Release|Any CPU
		{6A64A1E6-E207-4A00-8968-1C8B6F8237A6}.Release|Any CPU.Build.0 = Release|Any CPU
		{E0309A54-4700-4D6C-B59B-87132BC253DE}.Debug|Any CPU.ActiveCfg = Debug|Any CPU
		{E0309A54-4700-4D6C-B59B-87132BC253DE}.Debug|Any CPU.Build.0 = Debug|Any CPU
		{E0309A54-4700-4D6C-B59B-87132BC253DE}.Release|Any CPU.ActiveCfg = Release|Any CPU
		{E0309A54-4700-4D6C-B59B-87132BC253DE}.Release|Any CPU.Build.0 = Release|Any CPU
		{C5EBD0FC-E843-4C3C-83B8-50E785C8C677}.Debug|Any CPU.ActiveCfg = Debug|Any CPU
		{C5EBD0FC-E843-4C3C-83B8-50E785C8C677}.Debug|Any CPU.Build.0 = Debug|Any CPU
		{C5EBD0FC-E843-4C3C-83B8-50E785C8C677}.Release|Any CPU.ActiveCfg = Release|Any CPU
		{C5EBD0FC-E843-4C3C-83B8-50E785C8C677}.Release|Any CPU.Build.0 = Release|Any CPU
	EndGlobalSection
	GlobalSection(SolutionProperties) = preSolution
		HideSolutionNode = FALSE
	EndGlobalSection
	GlobalSection(NestedProjects) = preSolution
		{6A64A1E6-E207-4A00-8968-1C8B6F8237A6} = {673CFA6D-34E5-4B7B-B1E6-2571A200A955}
		{E0309A54-4700-4D6C-B59B-87132BC253DE} = {673CFA6D-34E5-4B7B-B1E6-2571A200A955}
		{C5EBD0FC-E843-4C3C-83B8-50E785C8C677} = {41C17472-52B9-4447-A8D1-CE81756106C8}
	EndGlobalSection
	GlobalSection(ExtensibilityGlobals) = postSolution
		SolutionGuid = {3C6FE8B2-87E6-4444-BF34-329E204151AB}
	EndGlobalSection
EndGlobal
